Microsoft Visual Studio Solution File, Format Version 8.00
Project("{8BC9CEB8-8B4A-11D0-8D11-00A0C91BC942}") = "TuniacApp", "..\TuniacApp\TuniacApp.vcproj", "{8B6E7BB5-4905-43C7-BA8D-F6B04893C63D}"
	ProjectSection(ProjectDependencies) = postProject
	EndProjectSection
EndProject
Project("{8BC9CEB8-8B4A-11D0-8D11-00A0C91BC942}") = "ape_Plugin", "..\ape_Plugin\ape_Plugin.vcproj", "{1FCCD4B9-FF04-4CDD-96A5-E2490CCF6365}"
	ProjectSection(ProjectDependencies) = postProject
	EndProjectSection
EndProject
Project("{8BC9CEB8-8B4A-11D0-8D11-00A0C91BC942}") = "dummy_InfoManager", "..\dummy_InfoManager\dummy_InfoManager.vcproj", "{D1FD9348-BB12-4357-AD7E-17089D89C5E6}"
	ProjectSection(ProjectDependencies) = postProject
	EndProjectSection
EndProject
Project("{8BC9CEB8-8B4A-11D0-8D11-00A0C91BC942}") = "ogg_Plugin", "..\ogg_Plugin\ogg_Plugin.vcproj", "{1FCCD4B9-FF04-4CDD-96A5-E2490CCF6365}"
	ProjectSection(ProjectDependencies) = postProject
	EndProjectSection
EndProject
Project("{8BC9CEB8-8B4A-11D0-8D11-00A0C91BC942}") = "mp3_Plugin", "..\mp3_Plugin\mp3_Plugin.vcproj", "{10E62D73-EDAD-4612-B4E9-9589E054F67C}"
	ProjectSection(ProjectDependencies) = postProject
	EndProjectSection
EndProject
Project("{8BC9CEB8-8B4A-11D0-8D11-00A0C91BC942}") = "mp3streamer_Plugin", "..\mp3streamer_Plugin\mp3streamer_Plugin.vcproj", "{62528D67-C778-4582-8C41-7A99E2C3527D}"
	ProjectSection(ProjectDependencies) = postProject
	EndProjectSection
EndProject
Project("{8BC9CEB8-8B4A-11D0-8D11-00A0C91BC942}") = "NowPlayingTxt", "..\NowPlayingTxt\NowPlayingTxt.vcproj", "{E2E626FD-694B-40D0-B088-D84615FA7B70}"
	ProjectSection(ProjectDependencies) = postProject
	EndProjectSection
EndProject
Project("{8BC9CEB8-8B4A-11D0-8D11-00A0C91BC942}") = "MSNInfo", "..\MSNInfo\MSNInfo.vcproj", "{E2E626FD-694B-40D0-B088-D84615FA7B70}"
	ProjectSection(ProjectDependencies) = postProject
	EndProjectSection
EndProject
Project("{8BC9CEB8-8B4A-11D0-8D11-00A0C91BC942}") = "m3u_Plugin", "..\m3u_Plugin\m3u_Plugin.vcproj", "{63870483-72AA-4286-829C-ACDD048B00F8}"
	ProjectSection(ProjectDependencies) = postProject
	EndProjectSection
EndProject
Project("{8BC9CEB8-8B4A-11D0-8D11-00A0C91BC942}") = "pls_Plugin", "..\pls_Plugin\pls_Plugin.vcproj", "{63870483-72AA-4286-829C-ACDD048B00F8}"
	ProjectSection(ProjectDependencies) = postProject
	EndProjectSection
EndProject
Project("{8BC9CEB8-8B4A-11D0-8D11-00A0C91BC942}") = "mp3_InfoManager", "..\mp3_InfoManager\mp3_InfoManager.vcproj", "{6AB7589D-CC4D-47F6-9F6E-658021ACDF38}"
	ProjectSection(ProjectDependencies) = postProject
	EndProjectSection
EndProject
Project("{8BC9CEB8-8B4A-11D0-8D11-00A0C91BC942}") = "PopupNotify", "..\PopupNotify\PopupNotify.vcproj", "{466FE8B7-1602-48EA-92CF-935704656315}"
	ProjectSection(ProjectDependencies) = postProject
	EndProjectSection
EndProject
Project("{8BC9CEB8-8B4A-11D0-8D11-00A0C91BC942}") = "m4a_Plugin", "..\m4a_Plugin\m4a_Plugin.vcproj", "{5843FC51-E3EA-4C63-B954-DD6ED69E4DDC}"
	ProjectSection(ProjectDependencies) = postProject
	EndProjectSection
EndProject
Project("{8BC9CEB8-8B4A-11D0-8D11-00A0C91BC942}") = "CDDAReader", "..\CDDAReader\CDDAReader.vcproj", "{66602221-E22B-474E-BF6B-0EA4856342DF}"
	ProjectSection(ProjectDependencies) = postProject
	EndProjectSection
EndProject
Project("{8BC9CEB8-8B4A-11D0-8D11-00A0C91BC942}") = "SVPVisualPlugin", "..\SVPVisualPlugin\SVPVisualPlugin.vcproj", "{EFA8E165-C0CD-49D5-B858-8FEB86A9AEF5}"
	ProjectSection(ProjectDependencies) = postProject
	EndProjectSection
EndProject
Global
	GlobalSection(SolutionConfiguration) = preSolution
		Debug = Debug
		Release = Release
	EndGlobalSection
	GlobalSection(ProjectConfiguration) = postSolution
		{8B6E7BB5-4905-43C7-BA8D-F6B04893C63D}.Debug.ActiveCfg = Debug|Win32
		{8B6E7BB5-4905-43C7-BA8D-F6B04893C63D}.Debug.Build.0 = Debug|Win32
		{8B6E7BB5-4905-43C7-BA8D-F6B04893C63D}.Release.ActiveCfg = Release|Win32
		{8B6E7BB5-4905-43C7-BA8D-F6B04893C63D}.Release.Build.0 = Release|Win32
		{1FCCD4B9-FF04-4CDD-96A5-E2490CCF6365}.Debug.ActiveCfg = Debug|Win32
		{1FCCD4B9-FF04-4CDD-96A5-E2490CCF6365}.Debug.Build.0 = Debug|Win32
		{1FCCD4B9-FF04-4CDD-96A5-E2490CCF6365}.Release.ActiveCfg = Release|Win32
		{1FCCD4B9-FF04-4CDD-96A5-E2490CCF6365}.Release.Build.0 = Release|Win32
		{D1FD9348-BB12-4357-AD7E-17089D89C5E6}.Debug.ActiveCfg = Debug|Win32
		{D1FD9348-BB12-4357-AD7E-17089D89C5E6}.Debug.Build.0 = Debug|Win32
		{D1FD9348-BB12-4357-AD7E-17089D89C5E6}.Release.ActiveCfg = Release|Win32
		{1FCCD4B9-FF04-4CDD-96A5-E2490CCF6365}.Debug.ActiveCfg = Debug|Win32
		{1FCCD4B9-FF04-4CDD-96A5-E2490CCF6365}.Debug.Build.0 = Debug|Win32
		{1FCCD4B9-FF04-4CDD-96A5-E2490CCF6365}.Release.ActiveCfg = Release|Win32
		{1FCCD4B9-FF04-4CDD-96A5-E2490CCF6365}.Release.Build.0 = Release|Win32
		{10E62D73-EDAD-4612-B4E9-9589E054F67C}.Debug.ActiveCfg = Debug|Win32
		{10E62D73-EDAD-4612-B4E9-9589E054F67C}.Debug.Build.0 = Debug|Win32
		{10E62D73-EDAD-4612-B4E9-9589E054F67C}.Release.ActiveCfg = Release|Win32
		{10E62D73-EDAD-4612-B4E9-9589E054F67C}.Release.Build.0 = Release|Win32
		{62528D67-C778-4582-8C41-7A99E2C3527D}.Debug.ActiveCfg = Debug|Win32
		{62528D67-C778-4582-8C41-7A99E2C3527D}.Debug.Build.0 = Debug|Win32
		{62528D67-C778-4582-8C41-7A99E2C3527D}.Release.ActiveCfg = Release|Win32
		{62528D67-C778-4582-8C41-7A99E2C3527D}.Release.Build.0 = Release|Win32
		{E2E626FD-694B-40D0-B088-D84615FA7B70}.Debug.ActiveCfg = Debug|Win32
		{E2E626FD-694B-40D0-B088-D84615FA7B70}.Debug.Build.0 = Debug|Win32
		{E2E626FD-694B-40D0-B088-D84615FA7B70}.Release.ActiveCfg = Release|Win32
		{E2E626FD-694B-40D0-B088-D84615FA7B70}.Release.Build.0 = Release|Win32
		{E2E626FD-694B-40D0-B088-D84615FA7B70}.Debug.ActiveCfg = Debug|Win32
		{E2E626FD-694B-40D0-B088-D84615FA7B70}.Debug.Build.0 = Debug|Win32
		{E2E626FD-694B-40D0-B088-D84615FA7B70}.Release.ActiveCfg = Release|Win32
		{E2E626FD-694B-40D0-B088-D84615FA7B70}.Release.Build.0 = Release|Win32
		{63870483-72AA-4286-829C-ACDD048B00F8}.Debug.ActiveCfg = Debug|Win32
		{63870483-72AA-4286-829C-ACDD048B00F8}.Debug.Build.0 = Debug|Win32
		{63870483-72AA-4286-829C-ACDD048B00F8}.Release.ActiveCfg = Release|Win32
		{63870483-72AA-4286-829C-ACDD048B00F8}.Release.Build.0 = Release|Win32
		{63870483-72AA-4286-829C-ACDD048B00F8}.Debug.ActiveCfg = Debug|Win32
		{63870483-72AA-4286-829C-ACDD048B00F8}.Debug.Build.0 = Debug|Win32
		{63870483-72AA-4286-829C-ACDD048B00F8}.Release.ActiveCfg = Release|Win32
		{63870483-72AA-4286-829C-ACDD048B00F8}.Release.Build.0 = Release|Win32
		{6AB7589D-CC4D-47F6-9F6E-658021ACDF38}.Debug.ActiveCfg = Debug|Win32
		{6AB7589D-CC4D-47F6-9F6E-658021ACDF38}.Debug.Build.0 = Debug|Win32
		{6AB7589D-CC4D-47F6-9F6E-658021ACDF38}.Release.ActiveCfg = Release|Win32
		{6AB7589D-CC4D-47F6-9F6E-658021ACDF38}.Release.Build.0 = Release|Win32
		{466FE8B7-1602-48EA-92CF-935704656315}.Debug.ActiveCfg = Debug|Win32
		{466FE8B7-1602-48EA-92CF-935704656315}.Debug.Build.0 = Debug|Win32
		{466FE8B7-1602-48EA-92CF-935704656315}.Release.ActiveCfg = Release|Win32
		{466FE8B7-1602-48EA-92CF-935704656315}.Release.Build.0 = Release|Win32
		{5843FC51-E3EA-4C63-B954-DD6ED69E4DDC}.Debug.ActiveCfg = Debug|Win32
		{5843FC51-E3EA-4C63-B954-DD6ED69E4DDC}.Debug.Build.0 = Debug|Win32
		{5843FC51-E3EA-4C63-B954-DD6ED69E4DDC}.Release.ActiveCfg = Release|Win32
		{5843FC51-E3EA-4C63-B954-DD6ED69E4DDC}.Release.Build.0 = Release|Win32
		{66602221-E22B-474E-BF6B-0EA4856342DF}.Debug.ActiveCfg = Debug|Win32
		{66602221-E22B-474E-BF6B-0EA4856342DF}.Debug.Build.0 = Debug|Win32
		{66602221-E22B-474E-BF6B-0EA4856342DF}.Release.ActiveCfg = Release|Win32
		{66602221-E22B-474E-BF6B-0EA4856342DF}.Release.Build.0 = Release|Win32
		{EFA8E165-C0CD-49D5-B858-8FEB86A9AEF5}.Debug.ActiveCfg = Debug|Win32
		{EFA8E165-C0CD-49D5-B858-8FEB86A9AEF5}.Debug.Build.0 = Debug|Win32
		{EFA8E165-C0CD-49D5-B858-8FEB86A9AEF5}.Release.ActiveCfg = Release|Win32
		{EFA8E165-C0CD-49D5-B858-8FEB86A9AEF5}.Release.Build.0 = Release|Win32
	EndGlobalSection
	GlobalSection(SolutionItems) = postSolution
		Change Log.txt = Change Log.txt
		Commandline support.txt = Commandline support.txt
		Ideas.txt = Ideas.txt
		TODO.txt = TODO.txt
		Window Title Codes.txt = Window Title Codes.txt
	EndGlobalSection
	GlobalSection(ExtensibilityGlobals) = postSolution
	EndGlobalSection
	GlobalSection(ExtensibilityAddIns) = postSolution
	EndGlobalSection
EndGlobal
