<?xml version="1.0" encoding="utf-8"?>
<Project ToolsVersion="4.0" xmlns="http://schemas.microsoft.com/developer/msbuild/2003">
  <ItemGroup>
    <Filter Include="Source Files">
      <UniqueIdentifier>{D26737F1-C7E2-4376-A346-2A32D142A2FF}</UniqueIdentifier>
      <Extensions>cpp;c;cxx;def;odl;idl;hpj;bat;asm;asmx</Extensions>
    </Filter>
    <Filter Include="Header Files">
      <UniqueIdentifier>{93952380-89ED-4b04-88EB-62583E52EBFB}</UniqueIdentifier>
      <Extensions>h;hpp;hxx;hm;inl;inc;xsd</Extensions>
    </Filter>
    <Filter Include="TrueAudio">
      <UniqueIdentifier>{bc47bfcc-0c3d-45a0-a042-540f274b9a56}</UniqueIdentifier>
    </Filter>
  </ItemGroup>
  <ItemGroup>
    <ClCompile Include="stdafx.cpp">
      <Filter>Source Files</Filter>
    </ClCompile>
    <ClCompile Include="TTADecoder.cpp">
      <Filter>Source Files</Filter>
    </ClCompile>
    <ClCompile Include="TTADecoderPlugin.cpp">
      <Filter>Source Files</Filter>
    </ClCompile>
    <ClCompile Include="ttaPlugin.cpp">
      <Filter>Source Files</Filter>
    </ClCompile>
    <ClCompile Include="TrueAudio\ttadec.c">
      <Filter>TrueAudio</Filter>
    </ClCompile>
  </ItemGroup>
  <ItemGroup>
    <ClInclude Include="resource.h">
      <Filter>Header Files</Filter>
    </ClInclude>
    <ClInclude Include="stdafx.h">
      <Filter>Header Files</Filter>
    </ClInclude>
    <ClInclude Include="TTADecoder.h">
      <Filter>Header Files</Filter>
    </ClInclude>
    <ClInclude Include="TTADecoderPlugin.h">
      <Filter>Header Files</Filter>
    </ClInclude>
    <ClInclude Include="TrueAudio\filter.h">
      <Filter>TrueAudio</Filter>
    </ClInclude>
    <ClInclude Include="TrueAudio\ttadec.h">
      <Filter>TrueAudio</Filter>
    </ClInclude>
    <ClInclude Include="TrueAudio\ttalib.h">
      <Filter>TrueAudio</Filter>
    </ClInclude>
  </ItemGroup>
  <ItemGroup>
    <Library Include="TrueAudio\ttalib.lib">
      <Filter>TrueAudio</Filter>
    </Library>
    <Library Include="TrueAudio\ttalib64.lib">
      <Filter>TrueAudio</Filter>
    </Library>
  </ItemGroup>
</Project>