<?xml version="1.0" encoding="utf-8"?>
<Project ToolsVersion="4.0" xmlns="http://schemas.microsoft.com/developer/msbuild/2003">
  <ItemGroup>
    <Filter Include="Source Files">
      <UniqueIdentifier>{4FC737F1-C7A5-4376-A066-2A32D752A2FF}</UniqueIdentifier>
      <Extensions>cpp;c;cc;cxx;def;odl;idl;hpj;bat;asm;asmx</Extensions>
    </Filter>
    <Filter Include="Header Files">
      <UniqueIdentifier>{93995380-89BD-4b04-88EB-625FBE52EBFB}</UniqueIdentifier>
      <Extensions>h;hpp;hxx;hm;inl;inc;xsd</Extensions>
    </Filter>
    <Filter Include="Resource Files">
      <UniqueIdentifier>{67DA6AB6-F800-4c08-8B7A-83BB121AAD01}</UniqueIdentifier>
      <Extensions>rc;ico;cur;bmp;dlg;rc2;rct;bin;rgs;gif;jpg;jpeg;jpe;resx;tiff;tif;png;wav</Extensions>
    </Filter>
    <Filter Include="TagLib Source">
      <UniqueIdentifier>{80dc6027-210e-4516-a13e-a76016f94eab}</UniqueIdentifier>
    </Filter>
    <Filter Include="TagLib Source\ape">
      <UniqueIdentifier>{f233a6a6-8ecb-4fc1-baf2-28542cdd1ae8}</UniqueIdentifier>
    </Filter>
    <Filter Include="TagLib Source\asf">
      <UniqueIdentifier>{6bf475e5-5ff3-4c42-b562-7bda08db3442}</UniqueIdentifier>
    </Filter>
    <Filter Include="TagLib Source\flac">
      <UniqueIdentifier>{986136af-9553-4c95-8ecc-5c0c816863b0}</UniqueIdentifier>
    </Filter>
    <Filter Include="TagLib Source\mp4">
      <UniqueIdentifier>{51b0f003-2a76-4f12-ad8e-31de4368652f}</UniqueIdentifier>
    </Filter>
    <Filter Include="TagLib Source\mpc">
      <UniqueIdentifier>{f8a75b5a-08af-49d7-b853-1c6938eba89b}</UniqueIdentifier>
    </Filter>
    <Filter Include="TagLib Source\mpeg">
      <UniqueIdentifier>{0dfe4379-fbb1-4a7e-8f32-6fe9bfdc7481}</UniqueIdentifier>
    </Filter>
    <Filter Include="TagLib Source\ogg">
      <UniqueIdentifier>{f1685533-c18e-42d2-97a5-8ded638d5df7}</UniqueIdentifier>
    </Filter>
    <Filter Include="TagLib Source\toolkit">
      <UniqueIdentifier>{fd3101bb-7a06-4286-a7d3-ca54db87322d}</UniqueIdentifier>
    </Filter>
    <Filter Include="TagLib Source\trueaudio">
      <UniqueIdentifier>{154e5ce0-3581-4a24-826a-150824aa8fcd}</UniqueIdentifier>
    </Filter>
    <Filter Include="TagLib Source\wavpack">
      <UniqueIdentifier>{6a524e98-e7e4-4422-adc3-fc213f6a52a3}</UniqueIdentifier>
    </Filter>
    <Filter Include="TagLib Headers">
      <UniqueIdentifier>{74c26645-d2dd-43a9-a825-b52ea0c1555d}</UniqueIdentifier>
    </Filter>
    <Filter Include="TagLib Headers\ape">
      <UniqueIdentifier>{0e480b53-7e71-4e60-aa73-3c7d86236bf4}</UniqueIdentifier>
    </Filter>
    <Filter Include="TagLib Headers\asf">
      <UniqueIdentifier>{0c902baf-6d6e-4dff-8593-7e96b75e81a0}</UniqueIdentifier>
    </Filter>
    <Filter Include="TagLib Headers\flac">
      <UniqueIdentifier>{a44f22c3-20b0-4a85-ac23-c5248ddb4f80}</UniqueIdentifier>
    </Filter>
    <Filter Include="TagLib Headers\mp4">
      <UniqueIdentifier>{ddc0f1f3-1f06-46f8-8570-5b04a462e97e}</UniqueIdentifier>
    </Filter>
    <Filter Include="TagLib Headers\mpc">
      <UniqueIdentifier>{01fd8e49-91fa-4ae3-8097-0800ccd0d5be}</UniqueIdentifier>
    </Filter>
    <Filter Include="TagLib Headers\mpeg">
      <UniqueIdentifier>{7a5d4ab2-e169-425f-8738-854e861216d2}</UniqueIdentifier>
    </Filter>
    <Filter Include="TagLib Headers\ogg">
      <UniqueIdentifier>{2cec6315-c34b-47f8-9085-fc5f2c5b2d9c}</UniqueIdentifier>
    </Filter>
    <Filter Include="TagLib Headers\toolkit">
      <UniqueIdentifier>{90a7f1b0-6056-49b1-884d-4eb58f0b29ad}</UniqueIdentifier>
    </Filter>
    <Filter Include="TagLib Headers\trueaudio">
      <UniqueIdentifier>{dbfd883c-9c7f-4d9e-9235-efeb8abe8761}</UniqueIdentifier>
    </Filter>
    <Filter Include="TagLib Headers\wavpack">
      <UniqueIdentifier>{a956b0b0-9ba3-4992-9eaa-3839a4ccedd6}</UniqueIdentifier>
    </Filter>
  </ItemGroup>
  <ItemGroup>
    <ClCompile Include="GenericInfoAccessor.cpp">
      <Filter>Source Files</Filter>
    </ClCompile>
    <ClCompile Include="GenericInfoHandler.cpp">
      <Filter>Source Files</Filter>
    </ClCompile>
    <ClCompile Include="GenericInfoReader.cpp">
      <Filter>Source Files</Filter>
    </ClCompile>
    <ClCompile Include="stdafx.cpp">
      <Filter>Source Files</Filter>
    </ClCompile>
    <ClCompile Include="TagLib\audioproperties.cpp">
      <Filter>TagLib Source</Filter>
    </ClCompile>
    <ClCompile Include="TagLib\fileref.cpp">
      <Filter>TagLib Source</Filter>
    </ClCompile>
    <ClCompile Include="TagLib\tag.cpp">
      <Filter>TagLib Source</Filter>
    </ClCompile>
    <ClCompile Include="TagLib\tagunion.cpp">
      <Filter>TagLib Source</Filter>
    </ClCompile>
    <ClCompile Include="TagLib\ape\apefooter.cpp">
      <Filter>TagLib Source\ape</Filter>
    </ClCompile>
    <ClCompile Include="TagLib\ape\apeitem.cpp">
      <Filter>TagLib Source\ape</Filter>
    </ClCompile>
    <ClCompile Include="TagLib\ape\apetag.cpp">
      <Filter>TagLib Source\ape</Filter>
    </ClCompile>
    <ClCompile Include="TagLib\asf\asfattribute.cpp">
      <Filter>TagLib Source\asf</Filter>
    </ClCompile>
    <ClCompile Include="TagLib\asf\asffile.cpp">
      <Filter>TagLib Source\asf</Filter>
    </ClCompile>
    <ClCompile Include="TagLib\asf\asfproperties.cpp">
      <Filter>TagLib Source\asf</Filter>
    </ClCompile>
    <ClCompile Include="TagLib\asf\asftag.cpp">
      <Filter>TagLib Source\asf</Filter>
    </ClCompile>
    <ClCompile Include="TagLib\flac\flacfile.cpp">
      <Filter>TagLib Source\flac</Filter>
    </ClCompile>
    <ClCompile Include="TagLib\flac\flacproperties.cpp">
      <Filter>TagLib Source\flac</Filter>
    </ClCompile>
    <ClCompile Include="TagLib\mp4\mp4atom.cpp">
      <Filter>TagLib Source\mp4</Filter>
    </ClCompile>
    <ClCompile Include="TagLib\mp4\mp4file.cpp">
      <Filter>TagLib Source\mp4</Filter>
    </ClCompile>
    <ClCompile Include="TagLib\mp4\mp4item.cpp">
      <Filter>TagLib Source\mp4</Filter>
    </ClCompile>
    <ClCompile Include="TagLib\mp4\mp4properties.cpp">
      <Filter>TagLib Source\mp4</Filter>
    </ClCompile>
    <ClCompile Include="TagLib\mp4\mp4tag.cpp">
      <Filter>TagLib Source\mp4</Filter>
    </ClCompile>
    <ClCompile Include="TagLib\mpc\mpcfile.cpp">
      <Filter>TagLib Source\mpc</Filter>
    </ClCompile>
    <ClCompile Include="TagLib\mpc\mpcproperties.cpp">
      <Filter>TagLib Source\mpc</Filter>
    </ClCompile>
    <ClCompile Include="TagLib\mpeg\id3v2\frames\attachedpictureframe.cpp">
      <Filter>TagLib Source\mpeg</Filter>
    </ClCompile>
    <ClCompile Include="TagLib\mpeg\id3v2\frames\commentsframe.cpp">
      <Filter>TagLib Source\mpeg</Filter>
    </ClCompile>
    <ClCompile Include="TagLib\mpeg\id3v2\frames\generalencapsulatedobjectframe.cpp">
      <Filter>TagLib Source\mpeg</Filter>
    </ClCompile>
    <ClCompile Include="TagLib\mpeg\id3v1\id3v1genres.cpp">
      <Filter>TagLib Source\mpeg</Filter>
    </ClCompile>
    <ClCompile Include="TagLib\mpeg\id3v1\id3v1tag.cpp">
      <Filter>TagLib Source\mpeg</Filter>
    </ClCompile>
    <ClCompile Include="TagLib\mpeg\id3v2\id3v2extendedheader.cpp">
      <Filter>TagLib Source\mpeg</Filter>
    </ClCompile>
    <ClCompile Include="TagLib\mpeg\id3v2\id3v2footer.cpp">
      <Filter>TagLib Source\mpeg</Filter>
    </ClCompile>
    <ClCompile Include="TagLib\mpeg\id3v2\id3v2frame.cpp">
      <Filter>TagLib Source\mpeg</Filter>
    </ClCompile>
    <ClCompile Include="TagLib\mpeg\id3v2\id3v2framefactory.cpp">
      <Filter>TagLib Source\mpeg</Filter>
    </ClCompile>
    <ClCompile Include="TagLib\mpeg\id3v2\id3v2header.cpp">
      <Filter>TagLib Source\mpeg</Filter>
    </ClCompile>
    <ClCompile Include="TagLib\mpeg\id3v2\id3v2synchdata.cpp">
      <Filter>TagLib Source\mpeg</Filter>
    </ClCompile>
    <ClCompile Include="TagLib\mpeg\id3v2\id3v2tag.cpp">
      <Filter>TagLib Source\mpeg</Filter>
    </ClCompile>
    <ClCompile Include="TagLib\mpeg\mpegfile.cpp">
      <Filter>TagLib Source\mpeg</Filter>
    </ClCompile>
    <ClCompile Include="TagLib\mpeg\mpegheader.cpp">
      <Filter>TagLib Source\mpeg</Filter>
    </ClCompile>
    <ClCompile Include="TagLib\mpeg\mpegproperties.cpp">
      <Filter>TagLib Source\mpeg</Filter>
    </ClCompile>
    <ClCompile Include="TagLib\mpeg\id3v2\frames\relativevolumeframe.cpp">
      <Filter>TagLib Source\mpeg</Filter>
    </ClCompile>
    <ClCompile Include="TagLib\mpeg\id3v2\frames\textidentificationframe.cpp">
      <Filter>TagLib Source\mpeg</Filter>
    </ClCompile>
    <ClCompile Include="TagLib\mpeg\id3v2\frames\uniquefileidentifierframe.cpp">
      <Filter>TagLib Source\mpeg</Filter>
    </ClCompile>
    <ClCompile Include="TagLib\mpeg\id3v2\frames\unknownframe.cpp">
      <Filter>TagLib Source\mpeg</Filter>
    </ClCompile>
    <ClCompile Include="TagLib\mpeg\id3v2\frames\unsynchronizedlyricsframe.cpp">
      <Filter>TagLib Source\mpeg</Filter>
    </ClCompile>
    <ClCompile Include="TagLib\mpeg\id3v2\frames\urllinkframe.cpp">
      <Filter>TagLib Source\mpeg</Filter>
    </ClCompile>
    <ClCompile Include="TagLib\mpeg\xingheader.cpp">
      <Filter>TagLib Source\mpeg</Filter>
    </ClCompile>
    <ClCompile Include="TagLib\ogg\oggfile.cpp">
      <Filter>TagLib Source\ogg</Filter>
    </ClCompile>
    <ClCompile Include="TagLib\ogg\flac\oggflacfile.cpp">
      <Filter>TagLib Source\ogg</Filter>
    </ClCompile>
    <ClCompile Include="TagLib\ogg\oggpage.cpp">
      <Filter>TagLib Source\ogg</Filter>
    </ClCompile>
    <ClCompile Include="TagLib\ogg\oggpageheader.cpp">
      <Filter>TagLib Source\ogg</Filter>
    </ClCompile>
    <ClCompile Include="TagLib\ogg\speex\speexfile.cpp">
      <Filter>TagLib Source\ogg</Filter>
    </ClCompile>
    <ClCompile Include="TagLib\ogg\speex\speexproperties.cpp">
      <Filter>TagLib Source\ogg</Filter>
    </ClCompile>
    <ClCompile Include="TagLib\ogg\vorbis\vorbisfile.cpp">
      <Filter>TagLib Source\ogg</Filter>
    </ClCompile>
    <ClCompile Include="TagLib\ogg\vorbis\vorbisproperties.cpp">
      <Filter>TagLib Source\ogg</Filter>
    </ClCompile>
    <ClCompile Include="TagLib\ogg\xiphcomment.cpp">
      <Filter>TagLib Source\ogg</Filter>
    </ClCompile>
    <ClCompile Include="TagLib\toolkit\tbytevector.cpp">
      <Filter>TagLib Source\toolkit</Filter>
    </ClCompile>
    <ClCompile Include="TagLib\toolkit\tbytevectorlist.cpp">
      <Filter>TagLib Source\toolkit</Filter>
    </ClCompile>
    <ClCompile Include="TagLib\toolkit\tdebug.cpp">
      <Filter>TagLib Source\toolkit</Filter>
    </ClCompile>
    <ClCompile Include="TagLib\toolkit\tfile.cpp">
      <Filter>TagLib Source\toolkit</Filter>
    </ClCompile>
    <ClCompile Include="TagLib\toolkit\tstring.cpp">
      <Filter>TagLib Source\toolkit</Filter>
    </ClCompile>
    <ClCompile Include="TagLib\toolkit\tstringlist.cpp">
      <Filter>TagLib Source\toolkit</Filter>
    </ClCompile>
    <ClCompile Include="TagLib\toolkit\unicode.cpp">
      <Filter>TagLib Source\toolkit</Filter>
    </ClCompile>
    <ClCompile Include="TagLib\trueaudio\trueaudiofile.cpp">
      <Filter>TagLib Source\trueaudio</Filter>
    </ClCompile>
    <ClCompile Include="TagLib\trueaudio\trueaudioproperties.cpp">
      <Filter>TagLib Source\trueaudio</Filter>
    </ClCompile>
    <ClCompile Include="TagLib\wavpack\wavpackfile.cpp">
      <Filter>TagLib Source\wavpack</Filter>
    </ClCompile>
    <ClCompile Include="TagLib\wavpack\wavpackproperties.cpp">
      <Filter>TagLib Source\wavpack</Filter>
    </ClCompile>
  </ItemGroup>
  <ItemGroup>
    <ClInclude Include="GenericInfoAccessor.h">
      <Filter>Header Files</Filter>
    </ClInclude>
    <ClInclude Include="GenericInfoHandler.h">
      <Filter>Header Files</Filter>
    </ClInclude>
    <ClInclude Include="stdafx.h">
      <Filter>Header Files</Filter>
    </ClInclude>
    <ClInclude Include="TagLib\audioproperties.h">
      <Filter>TagLib Headers</Filter>
    </ClInclude>
    <ClInclude Include="TagLib\config.h">
      <Filter>TagLib Headers</Filter>
    </ClInclude>
    <ClInclude Include="TagLib\fileref.h">
      <Filter>TagLib Headers</Filter>
    </ClInclude>
    <ClInclude Include="TagLib\tag.h">
      <Filter>TagLib Headers</Filter>
    </ClInclude>
    <ClInclude Include="TagLib\taglib_export.h">
      <Filter>TagLib Headers</Filter>
    </ClInclude>
    <ClInclude Include="TagLib\tagunion.h">
      <Filter>TagLib Headers</Filter>
    </ClInclude>
    <ClInclude Include="TagLib\ape\apefooter.h">
      <Filter>TagLib Headers\ape</Filter>
    </ClInclude>
    <ClInclude Include="TagLib\ape\apeitem.h">
      <Filter>TagLib Headers\ape</Filter>
    </ClInclude>
    <ClInclude Include="TagLib\ape\apetag.h">
      <Filter>TagLib Headers\ape</Filter>
    </ClInclude>
    <ClInclude Include="TagLib\asf\asfattribute.h">
      <Filter>TagLib Headers\asf</Filter>
    </ClInclude>
    <ClInclude Include="TagLib\asf\asffile.h">
      <Filter>TagLib Headers\asf</Filter>
    </ClInclude>
    <ClInclude Include="TagLib\asf\asfproperties.h">
      <Filter>TagLib Headers\asf</Filter>
    </ClInclude>
    <ClInclude Include="TagLib\asf\asftag.h">
      <Filter>TagLib Headers\asf</Filter>
    </ClInclude>
    <ClInclude Include="TagLib\flac\flacfile.h">
      <Filter>TagLib Headers\flac</Filter>
    </ClInclude>
    <ClInclude Include="TagLib\flac\flacproperties.h">
      <Filter>TagLib Headers\flac</Filter>
    </ClInclude>
    <ClInclude Include="TagLib\mp4\mp4atom.h">
      <Filter>TagLib Headers\mp4</Filter>
    </ClInclude>
    <ClInclude Include="TagLib\mp4\mp4file.h">
      <Filter>TagLib Headers\mp4</Filter>
    </ClInclude>
    <ClInclude Include="TagLib\mp4\mp4item.h">
      <Filter>TagLib Headers\mp4</Filter>
    </ClInclude>
    <ClInclude Include="TagLib\mp4\mp4properties.h">
      <Filter>TagLib Headers\mp4</Filter>
    </ClInclude>
    <ClInclude Include="TagLib\mp4\mp4tag.h">
      <Filter>TagLib Headers\mp4</Filter>
    </ClInclude>
    <ClInclude Include="TagLib\mpc\mpcfile.h">
      <Filter>TagLib Headers\mpc</Filter>
    </ClInclude>
    <ClInclude Include="TagLib\mpc\mpcproperties.h">
      <Filter>TagLib Headers\mpc</Filter>
    </ClInclude>
    <ClInclude Include="TagLib\mpeg\id3v2\frames\attachedpictureframe.h">
      <Filter>TagLib Headers\mpeg</Filter>
    </ClInclude>
    <ClInclude Include="TagLib\mpeg\id3v2\frames\commentsframe.h">
      <Filter>TagLib Headers\mpeg</Filter>
    </ClInclude>
    <ClInclude Include="TagLib\mpeg\id3v2\frames\generalencapsulatedobjectframe.h">
      <Filter>TagLib Headers\mpeg</Filter>
    </ClInclude>
    <ClInclude Include="TagLib\mpeg\id3v1\id3v1genres.h">
      <Filter>TagLib Headers\mpeg</Filter>
    </ClInclude>
    <ClInclude Include="TagLib\mpeg\id3v1\id3v1tag.h">
      <Filter>TagLib Headers\mpeg</Filter>
    </ClInclude>
    <ClInclude Include="TagLib\mpeg\id3v2\id3v2extendedheader.h">
      <Filter>TagLib Headers\mpeg</Filter>
    </ClInclude>
    <ClInclude Include="TagLib\mpeg\id3v2\id3v2footer.h">
      <Filter>TagLib Headers\mpeg</Filter>
    </ClInclude>
    <ClInclude Include="TagLib\mpeg\id3v2\id3v2frame.h">
      <Filter>TagLib Headers\mpeg</Filter>
    </ClInclude>
    <ClInclude Include="TagLib\mpeg\id3v2\id3v2framefactory.h">
      <Filter>TagLib Headers\mpeg</Filter>
    </ClInclude>
    <ClInclude Include="TagLib\mpeg\id3v2\id3v2header.h">
      <Filter>TagLib Headers\mpeg</Filter>
    </ClInclude>
    <ClInclude Include="TagLib\mpeg\id3v2\id3v2synchdata.h">
      <Filter>TagLib Headers\mpeg</Filter>
    </ClInclude>
    <ClInclude Include="TagLib\mpeg\id3v2\id3v2tag.h">
      <Filter>TagLib Headers\mpeg</Filter>
    </ClInclude>
    <ClInclude Include="TagLib\mpeg\mpegfile.h">
      <Filter>TagLib Headers\mpeg</Filter>
    </ClInclude>
    <ClInclude Include="TagLib\mpeg\mpegheader.h">
      <Filter>TagLib Headers\mpeg</Filter>
    </ClInclude>
    <ClInclude Include="TagLib\mpeg\mpegproperties.h">
      <Filter>TagLib Headers\mpeg</Filter>
    </ClInclude>
    <ClInclude Include="TagLib\mpeg\id3v2\frames\relativevolumeframe.h">
      <Filter>TagLib Headers\mpeg</Filter>
    </ClInclude>
    <ClInclude Include="TagLib\mpeg\id3v2\frames\textidentificationframe.h">
      <Filter>TagLib Headers\mpeg</Filter>
    </ClInclude>
    <ClInclude Include="TagLib\mpeg\id3v2\frames\uniquefileidentifierframe.h">
      <Filter>TagLib Headers\mpeg</Filter>
    </ClInclude>
    <ClInclude Include="TagLib\mpeg\id3v2\frames\unknownframe.h">
      <Filter>TagLib Headers\mpeg</Filter>
    </ClInclude>
    <ClInclude Include="TagLib\mpeg\id3v2\frames\unsynchronizedlyricsframe.h">
      <Filter>TagLib Headers\mpeg</Filter>
    </ClInclude>
    <ClInclude Include="TagLib\mpeg\id3v2\frames\urllinkframe.h">
      <Filter>TagLib Headers\mpeg</Filter>
    </ClInclude>
    <ClInclude Include="TagLib\mpeg\xingheader.h">
      <Filter>TagLib Headers\mpeg</Filter>
    </ClInclude>
    <ClInclude Include="TagLib\ogg\oggfile.h">
      <Filter>TagLib Headers\ogg</Filter>
    </ClInclude>
    <ClInclude Include="TagLib\ogg\flac\oggflacfile.h">
      <Filter>TagLib Headers\ogg</Filter>
    </ClInclude>
    <ClInclude Include="TagLib\ogg\oggpage.h">
      <Filter>TagLib Headers\ogg</Filter>
    </ClInclude>
    <ClInclude Include="TagLib\ogg\oggpageheader.h">
      <Filter>TagLib Headers\ogg</Filter>
    </ClInclude>
    <ClInclude Include="TagLib\ogg\speex\speexfile.h">
      <Filter>TagLib Headers\ogg</Filter>
    </ClInclude>
    <ClInclude Include="TagLib\ogg\speex\speexproperties.h">
      <Filter>TagLib Headers\ogg</Filter>
    </ClInclude>
    <ClInclude Include="TagLib\ogg\vorbis\vorbisfile.h">
      <Filter>TagLib Headers\ogg</Filter>
    </ClInclude>
    <ClInclude Include="TagLib\ogg\vorbis\vorbisproperties.h">
      <Filter>TagLib Headers\ogg</Filter>
    </ClInclude>
    <ClInclude Include="TagLib\ogg\xiphcomment.h">
      <Filter>TagLib Headers\ogg</Filter>
    </ClInclude>
    <ClInclude Include="TagLib\toolkit\taglib.h">
      <Filter>TagLib Headers\toolkit</Filter>
    </ClInclude>
    <ClInclude Include="TagLib\toolkit\tbytevector.h">
      <Filter>TagLib Headers\toolkit</Filter>
    </ClInclude>
    <ClInclude Include="TagLib\toolkit\tbytevectorlist.h">
      <Filter>TagLib Headers\toolkit</Filter>
    </ClInclude>
    <ClInclude Include="TagLib\toolkit\tdebug.h">
      <Filter>TagLib Headers\toolkit</Filter>
    </ClInclude>
    <ClInclude Include="TagLib\toolkit\tfile.h">
      <Filter>TagLib Headers\toolkit</Filter>
    </ClInclude>
    <ClInclude Include="TagLib\toolkit\tlist.h">
      <Filter>TagLib Headers\toolkit</Filter>
    </ClInclude>
    <ClInclude Include="TagLib\toolkit\tmap.h">
      <Filter>TagLib Headers\toolkit</Filter>
    </ClInclude>
    <ClInclude Include="TagLib\toolkit\tstring.h">
      <Filter>TagLib Headers\toolkit</Filter>
    </ClInclude>
    <ClInclude Include="TagLib\toolkit\tstringlist.h">
      <Filter>TagLib Headers\toolkit</Filter>
    </ClInclude>
    <ClInclude Include="TagLib\toolkit\unicode.h">
      <Filter>TagLib Headers\toolkit</Filter>
    </ClInclude>
    <ClInclude Include="TagLib\trueaudio\trueaudiofile.h">
      <Filter>TagLib Headers\trueaudio</Filter>
    </ClInclude>
    <ClInclude Include="TagLib\trueaudio\trueaudioproperties.h">
      <Filter>TagLib Headers\trueaudio</Filter>
    </ClInclude>
    <ClInclude Include="TagLib\wavpack\wavpackfile.h">
      <Filter>TagLib Headers\wavpack</Filter>
    </ClInclude>
    <ClInclude Include="TagLib\wavpack\wavpackproperties.h">
      <Filter>TagLib Headers\wavpack</Filter>
    </ClInclude>
  </ItemGroup>
  <ItemGroup>
    <Text Include="ReadMe.txt" />
  </ItemGroup>
</Project>