<?xml version="1.0" encoding="utf-8"?>
<Project ToolsVersion="4.0" xmlns="http://schemas.microsoft.com/developer/msbuild/2003">
  <ItemGroup>
    <Filter Include="Source Files">
      <UniqueIdentifier>{6180e834-74af-458a-9883-7dd820ccfdc8}</UniqueIdentifier>
      <Extensions>cpp;c;cxx;rc;def;r;odl;idl;hpj;bat</Extensions>
    </Filter>
    <Filter Include="Header Files">
      <UniqueIdentifier>{d69b38df-5dc8-4516-98e5-922a16c821cc}</UniqueIdentifier>
      <Extensions>h;hpp;hxx;hm;inl</Extensions>
    </Filter>
    <Filter Include="Resource Files">
      <UniqueIdentifier>{f5700a17-b35c-4eb2-9a39-bfc9eebceb6d}</UniqueIdentifier>
      <Extensions>ico;cur;bmp;dlg;rc2;rct;bin;rgs;gif;jpg;jpeg;jpe</Extensions>
    </Filter>
    <Filter Include="Resource Files\Images">
      <UniqueIdentifier>{5b255227-87ce-44d4-b6ed-bd3091e4034b}</UniqueIdentifier>
    </Filter>
  </ItemGroup>
  <ItemGroup>
    <ClCompile Include="AboutWindow.cpp">
      <Filter>Source Files</Filter>
    </ClCompile>
    <ClCompile Include="AlbumArt.cpp">
      <Filter>Source Files</Filter>
    </ClCompile>
    <ClCompile Include="AudioCDPlaylist.cpp">
      <Filter>Source Files</Filter>
    </ClCompile>
    <ClCompile Include="AudioCDSourceView.cpp">
      <Filter>Source Files</Filter>
    </ClCompile>
    <ClCompile Include="AudioOutput.cpp">
      <Filter>Source Files</Filter>
    </ClCompile>
    <ClCompile Include="AudioPacketizer.cpp">
      <Filter>Source Files</Filter>
    </ClCompile>
    <ClCompile Include="AudioStream.cpp">
      <Filter>Source Files</Filter>
    </ClCompile>
    <ClCompile Include="BasePlaylist.cpp">
      <Filter>Source Files</Filter>
    </ClCompile>
    <ClCompile Include="CoreAudio.cpp">
      <Filter>Source Files</Filter>
    </ClCompile>
    <ClCompile Include="DoubleBuffer.cpp">
      <Filter>Source Files</Filter>
    </ClCompile>
    <ClCompile Include="FileAssoc.cpp">
      <Filter>Source Files</Filter>
    </ClCompile>
    <ClCompile Include="History.cpp">
      <Filter>Source Files</Filter>
    </ClCompile>
    <ClCompile Include="ImportExportManager.cpp">
      <Filter>Source Files</Filter>
    </ClCompile>
    <ClCompile Include="LibraryPlaylist.cpp">
      <Filter>Source Files</Filter>
    </ClCompile>
    <ClCompile Include="LogWindow.cpp">
      <Filter>Source Files</Filter>
    </ClCompile>
    <ClCompile Include="MediaLibrary.cpp">
      <Filter>Source Files</Filter>
    </ClCompile>
    <ClCompile Include="MediaLibraryPlaylistEntry.cpp">
      <Filter>Source Files</Filter>
    </ClCompile>
    <ClCompile Include="PlayControls.cpp">
      <Filter>Source Files</Filter>
    </ClCompile>
    <ClCompile Include="PlaylistManager.cpp">
      <Filter>Source Files</Filter>
    </ClCompile>
    <ClCompile Include="PlaylistSourceView.cpp">
      <Filter>Source Files</Filter>
    </ClCompile>
    <ClCompile Include="PlayQueue.cpp">
      <Filter>Source Files</Filter>
    </ClCompile>
    <ClCompile Include="PlayQueueSourceView.cpp">
      <Filter>Source Files</Filter>
    </ClCompile>
    <ClCompile Include="PluginManager.cpp">
      <Filter>Source Files</Filter>
    </ClCompile>
    <ClCompile Include="Preferences.cpp">
      <Filter>Source Files</Filter>
    </ClCompile>
    <ClCompile Include="SourceSelectorWindow.cpp">
      <Filter>Source Files</Filter>
    </ClCompile>
    <ClCompile Include="SSE_Utils.cpp">
      <Filter>Source Files</Filter>
    </ClCompile>
    <ClCompile Include="StandardPlaylist.cpp">
      <Filter>Source Files</Filter>
    </ClCompile>
    <ClCompile Include="StdAfx.cpp">
      <Filter>Source Files</Filter>
    </ClCompile>
    <ClCompile Include="TagEditor.cpp">
      <Filter>Source Files</Filter>
    </ClCompile>
    <ClCompile Include="Taskbar.cpp">
      <Filter>Source Files</Filter>
    </ClCompile>
    <ClCompile Include="Tuniac.cpp">
      <Filter>Source Files</Filter>
    </ClCompile>
    <ClCompile Include="TuniacApp.cpp">
      <Filter>Source Files</Filter>
    </ClCompile>
    <ClCompile Include="TuniacHTTPFileIO.cpp">
      <Filter>Source Files</Filter>
    </ClCompile>
    <ClCompile Include="TuniacMemoryFileIO.cpp">
      <Filter>Source Files</Filter>
    </ClCompile>
    <ClCompile Include="TuniacSkin.cpp">
      <Filter>Source Files</Filter>
    </ClCompile>
    <ClCompile Include="TuniacStandardFileIO.cpp">
      <Filter>Source Files</Filter>
    </ClCompile>
    <ClCompile Include="TuniacVisual.cpp">
      <Filter>Source Files</Filter>
    </ClCompile>
    <ClCompile Include="VisualWindow.cpp">
      <Filter>Source Files</Filter>
    </ClCompile>
  </ItemGroup>
  <ItemGroup>
    <ClInclude Include="AboutWindow.h">
      <Filter>Header Files</Filter>
    </ClInclude>
    <ClInclude Include="AlbumArt.h">
      <Filter>Header Files</Filter>
    </ClInclude>
    <ClInclude Include="Array.h">
      <Filter>Header Files</Filter>
    </ClInclude>
    <ClInclude Include="AudioCDPlaylist.h">
      <Filter>Header Files</Filter>
    </ClInclude>
    <ClInclude Include="AudioCDSourceView.h">
      <Filter>Header Files</Filter>
    </ClInclude>
    <ClInclude Include="AudioOutput.h">
      <Filter>Header Files</Filter>
    </ClInclude>
    <ClInclude Include="AudioPacketizer.h">
      <Filter>Header Files</Filter>
    </ClInclude>
    <ClInclude Include="AudioStream.h">
      <Filter>Header Files</Filter>
    </ClInclude>
    <ClInclude Include="BasePlaylist.h">
      <Filter>Header Files</Filter>
    </ClInclude>
    <ClInclude Include="CoreAudio.h">
      <Filter>Header Files</Filter>
    </ClInclude>
    <ClInclude Include="CriticalSection.h">
      <Filter>Header Files</Filter>
    </ClInclude>
    <ClInclude Include="DoubleBuffer.h">
      <Filter>Header Files</Filter>
    </ClInclude>
    <ClInclude Include="FileAssoc.h">
      <Filter>Header Files</Filter>
    </ClInclude>
    <ClInclude Include="generaldefs.h">
      <Filter>Header Files</Filter>
    </ClInclude>
    <ClInclude Include="History.h">
      <Filter>Header Files</Filter>
    </ClInclude>
    <ClInclude Include="IAudioCallback.h">
      <Filter>Header Files</Filter>
    </ClInclude>
    <ClInclude Include="IAudioOutput.h">
      <Filter>Header Files</Filter>
    </ClInclude>
    <ClInclude Include="IAudioSource.h">
      <Filter>Header Files</Filter>
    </ClInclude>
    <ClInclude Include="IInfoManager.h">
      <Filter>Header Files</Filter>
    </ClInclude>
    <ClInclude Include="ImportExportManager.h">
      <Filter>Header Files</Filter>
    </ClInclude>
    <ClInclude Include="IPlaylist.h">
      <Filter>Header Files</Filter>
    </ClInclude>
    <ClInclude Include="ISourceView.h">
      <Filter>Header Files</Filter>
    </ClInclude>
    <ClInclude Include="ITuniacExportPlugin.h">
      <Filter>Header Files</Filter>
    </ClInclude>
    <ClInclude Include="ITuniacImportPlugin.h">
      <Filter>Header Files</Filter>
    </ClInclude>
    <ClInclude Include="ITuniacPlugin.h">
      <Filter>Header Files</Filter>
    </ClInclude>
    <ClInclude Include="ITuniacVisPlugin.h">
      <Filter>Header Files</Filter>
    </ClInclude>
    <ClInclude Include="IWindow.h">
      <Filter>Header Files</Filter>
    </ClInclude>
    <ClInclude Include="LibraryEntry.h">
      <Filter>Header Files</Filter>
    </ClInclude>
    <ClInclude Include="LibraryPlaylist.h">
      <Filter>Header Files</Filter>
    </ClInclude>
    <ClInclude Include="LogWindow.h">
      <Filter>Header Files</Filter>
    </ClInclude>
    <ClInclude Include="MediaLibrary.h">
      <Filter>Header Files</Filter>
    </ClInclude>
    <ClInclude Include="MediaLibraryPlaylistEntry.h">
      <Filter>Header Files</Filter>
    </ClInclude>
    <ClInclude Include="ntddcdrm.h">
      <Filter>Header Files</Filter>
    </ClInclude>
    <ClInclude Include="ntddstor.h">
      <Filter>Header Files</Filter>
    </ClInclude>
    <ClInclude Include="PlayControls.h">
      <Filter>Header Files</Filter>
    </ClInclude>
    <ClInclude Include="PlaylistManager.h">
      <Filter>Header Files</Filter>
    </ClInclude>
    <ClInclude Include="PlaylistSourceView.h">
      <Filter>Header Files</Filter>
    </ClInclude>
    <ClInclude Include="PlayQueue.h">
      <Filter>Header Files</Filter>
    </ClInclude>
    <ClInclude Include="PlayQueueSourceView.h">
      <Filter>Header Files</Filter>
    </ClInclude>
    <ClInclude Include="PluginManager.h">
      <Filter>Header Files</Filter>
    </ClInclude>
    <ClInclude Include="PluginVariable.h">
      <Filter>Header Files</Filter>
    </ClInclude>
    <ClInclude Include="Preferences.h">
      <Filter>Header Files</Filter>
    </ClInclude>
    <ClInclude Include="Random.h">
      <Filter>Header Files</Filter>
    </ClInclude>
    <ClInclude Include="resource.h">
      <Filter>Header Files</Filter>
    </ClInclude>
    <ClInclude Include="ringbuffer.h">
      <Filter>Header Files</Filter>
    </ClInclude>
    <ClInclude Include="SourceSelectorWindow.h">
      <Filter>Header Files</Filter>
    </ClInclude>
    <ClInclude Include="SSE_Utils.h">
      <Filter>Header Files</Filter>
    </ClInclude>
    <ClInclude Include="StandardPlaylist.h">
      <Filter>Header Files</Filter>
    </ClInclude>
    <ClInclude Include="StdAfx.h">
      <Filter>Header Files</Filter>
    </ClInclude>
    <ClInclude Include="stdint.h">
      <Filter>Header Files</Filter>
    </ClInclude>
    <ClInclude Include="TagEditor.h">
      <Filter>Header Files</Filter>
    </ClInclude>
    <ClInclude Include="Taskbar.h">
      <Filter>Header Files</Filter>
    </ClInclude>
    <ClInclude Include="TuniacApp.h">
      <Filter>Header Files</Filter>
    </ClInclude>
    <ClInclude Include="TuniacHTTPFileIO.h">
      <Filter>Header Files</Filter>
    </ClInclude>
    <ClInclude Include="TuniacMemoryFileIO.h">
      <Filter>Header Files</Filter>
    </ClInclude>
    <ClInclude Include="TuniacSkin.h">
      <Filter>Header Files</Filter>
    </ClInclude>
    <ClInclude Include="TuniacStandardFileIO.h">
      <Filter>Header Files</Filter>
    </ClInclude>
    <ClInclude Include="tuniacthread.h">
      <Filter>Header Files</Filter>
    </ClInclude>
    <ClInclude Include="TuniacVisual.h">
      <Filter>Header Files</Filter>
    </ClInclude>
    <ClInclude Include="VisualWindow.h">
      <Filter>Header Files</Filter>
    </ClInclude>
  </ItemGroup>
  <ItemGroup>
    <None Include="cursors\addarrow.cur">
      <Filter>Resource Files\Images</Filter>
    </None>
    <None Include="icons\tuniac.ico">
      <Filter>Resource Files\Images</Filter>
    </None>
    <None Include="default-theme\item-active.ico">
      <Filter>Resource Files\Images</Filter>
    </None>
    <None Include="default-theme\item-normal.ico">
      <Filter>Resource Files\Images</Filter>
    </None>
    <None Include="cursors\newplaylistcursor.cur">
      <Filter>Resource Files\Images</Filter>
    </None>
    <None Include="images\next.bmp">
      <Filter>Resource Files\Images</Filter>
    </None>
    <None Include="images\pause.bmp">
      <Filter>Resource Files\Images</Filter>
    </None>
    <None Include="images\play.bmp">
      <Filter>Resource Files\Images</Filter>
    </None>
    <None Include="default-theme\playlist-cd.ico">
      <Filter>Resource Files\Images</Filter>
    </None>
    <None Include="default-theme\playlist-medialibrary.ico">
      <Filter>Resource Files\Images</Filter>
    </None>
    <None Include="default-theme\playlist-standard.ico">
      <Filter>Resource Files\Images</Filter>
    </None>
    <None Include="images\previous.bmp">
      <Filter>Resource Files\Images</Filter>
    </None>
    <None Include="default-theme\item-unavailable.ico">
      <Filter>Resource Files\Images</Filter>
    </None>
    <None Include="default-theme\playlist-medialibrary-active.ico">
      <Filter>Resource Files\Images</Filter>
    </None>
    <None Include="default-theme\playlist-radio-active.ico">
      <Filter>Resource Files\Images</Filter>
    </None>
    <None Include="default-theme\playlist-standard-active.ico">
      <Filter>Resource Files\Images</Filter>
    </None>
    <None Include="default-theme\playlist-cd-active.ico">
      <Filter>Resource Files</Filter>
    </None>
  </ItemGroup>
  <ItemGroup>
    <Manifest Include="Tuniac.manifest">
      <Filter>Resource Files</Filter>
    </Manifest>
  </ItemGroup>
  <ItemGroup>
    <ResourceCompile Include="Tuniac.rc">
      <Filter>Resource Files</Filter>
    </ResourceCompile>
  </ItemGroup>
  <ItemGroup>
    <Image Include="default-theme\window.ico">
      <Filter>Resource Files</Filter>
    </Image>
  </ItemGroup>
</Project>