<?xml version="1.0" encoding="utf-8"?>
<Project ToolsVersion="4.0" xmlns="http://schemas.microsoft.com/developer/msbuild/2003">
  <ItemGroup>
    <Filter Include="Source Files">
      <UniqueIdentifier>{4FC737F1-C7A5-4376-A066-2A32D752A2FF}</UniqueIdentifier>
      <Extensions>cpp;c;cxx;def;odl;idl;hpj;bat;asm;asmx</Extensions>
    </Filter>
    <Filter Include="Header Files">
      <UniqueIdentifier>{93995380-89BD-4b04-88EB-625FBE52EBFB}</UniqueIdentifier>
      <Extensions>h;hpp;hxx;hm;inl;inc;xsd</Extensions>
    </Filter>
    <Filter Include="vorbis">
      <UniqueIdentifier>{67DA6AB6-F800-4c08-8B7A-83BB121AAD01}</UniqueIdentifier>
      <Extensions>rc;ico;cur;bmp;dlg;rc2;rct;bin;rgs;gif;jpg;jpeg;jpe;resx</Extensions>
    </Filter>
    <Filter Include="vorbis\32bit">
      <UniqueIdentifier>{880770e4-8d61-4175-9590-6e362b9e7bee}</UniqueIdentifier>
    </Filter>
    <Filter Include="vorbis\64bit">
      <UniqueIdentifier>{4d8ad5f4-2473-494e-9561-1c5495fdf3be}</UniqueIdentifier>
    </Filter>
  </ItemGroup>
  <ItemGroup>
    <ClCompile Include="OGGDecoder.cpp">
      <Filter>Source Files</Filter>
    </ClCompile>
    <ClCompile Include="OGGDecoderPlugin.cpp">
      <Filter>Source Files</Filter>
    </ClCompile>
    <ClCompile Include="OGGInfoManager.cpp">
      <Filter>Source Files</Filter>
    </ClCompile>
    <ClCompile Include="oggPlugin.cpp">
      <Filter>Source Files</Filter>
    </ClCompile>
    <ClCompile Include="stdafx.cpp">
      <Filter>Source Files</Filter>
    </ClCompile>
  </ItemGroup>
  <ItemGroup>
    <ClInclude Include="OGGDecoder.h">
      <Filter>Header Files</Filter>
    </ClInclude>
    <ClInclude Include="OGGDecoderPlugin.h">
      <Filter>Header Files</Filter>
    </ClInclude>
    <ClInclude Include="OGGInfoManager.h">
      <Filter>Header Files</Filter>
    </ClInclude>
    <ClInclude Include="resource.h">
      <Filter>Header Files</Filter>
    </ClInclude>
    <ClInclude Include="stdafx.h">
      <Filter>Header Files</Filter>
    </ClInclude>
    <ClInclude Include="..\ogg_SDK\vorbis\codec.h">
      <Filter>vorbis</Filter>
    </ClInclude>
    <ClInclude Include="..\ogg_SDK\ogg\ogg.h">
      <Filter>vorbis</Filter>
    </ClInclude>
    <ClInclude Include="..\ogg_SDK\ogg\os_types.h">
      <Filter>vorbis</Filter>
    </ClInclude>
    <ClInclude Include="..\ogg_SDK\vorbis\vorbisenc.h">
      <Filter>vorbis</Filter>
    </ClInclude>
    <ClInclude Include="..\ogg_SDK\vorbis\vorbisfile.h">
      <Filter>vorbis</Filter>
    </ClInclude>
  </ItemGroup>
  <ItemGroup>
    <Library Include="..\ogg_SDK\32bit\libogg_static.lib">
      <Filter>vorbis\32bit</Filter>
    </Library>
    <Library Include="..\ogg_SDK\32bit\libvorbis_static.lib">
      <Filter>vorbis\32bit</Filter>
    </Library>
    <Library Include="..\ogg_SDK\32bit\libvorbisfile_static.lib">
      <Filter>vorbis\32bit</Filter>
    </Library>
    <Library Include="..\ogg_SDK\64bit\libogg_static.lib">
      <Filter>vorbis\64bit</Filter>
    </Library>
    <Library Include="..\ogg_SDK\64bit\libvorbis_static.lib">
      <Filter>vorbis\64bit</Filter>
    </Library>
    <Library Include="..\ogg_SDK\64bit\libvorbisfile_static.lib">
      <Filter>vorbis\64bit</Filter>
    </Library>
  </ItemGroup>
</Project>