<?xml version="1.0" encoding="utf-8"?>
<Project ToolsVersion="4.0" xmlns="http://schemas.microsoft.com/developer/msbuild/2003">
  <ItemGroup>
    <Filter Include="Source Files">
      <UniqueIdentifier>{D26737F1-C725-4376-A056-2A32D751A2FF}</UniqueIdentifier>
      <Extensions>cpp;c;cxx;def;odl;idl;hpj;bat;asm;asmx</Extensions>
    </Filter>
    <Filter Include="Header Files">
      <UniqueIdentifier>{93455380-89BD-4b04-88EB-625EDE5264FB}</UniqueIdentifier>
      <Extensions>h;hpp;hxx;hm;inl;inc;xsd</Extensions>
    </Filter>
    <Filter Include="libs">
      <UniqueIdentifier>{4500390a-7095-4450-a15b-94a90a230703}</UniqueIdentifier>
    </Filter>
  </ItemGroup>
  <ItemGroup>
    <ClCompile Include="stdafx.cpp">
      <Filter>Source Files</Filter>
    </ClCompile>
    <ClCompile Include="WVDecoder.cpp">
      <Filter>Source Files</Filter>
    </ClCompile>
    <ClCompile Include="WVDecoderPlugin.cpp">
      <Filter>Source Files</Filter>
    </ClCompile>
    <ClCompile Include="wvPlugin.cpp">
      <Filter>Source Files</Filter>
    </ClCompile>
  </ItemGroup>
  <ItemGroup>
    <ClInclude Include="resource.h">
      <Filter>Header Files</Filter>
    </ClInclude>
    <ClInclude Include="stdafx.h">
      <Filter>Header Files</Filter>
    </ClInclude>
    <ClInclude Include="WVDecoder.h">
      <Filter>Header Files</Filter>
    </ClInclude>
    <ClInclude Include="WVDecoderPlugin.h">
      <Filter>Header Files</Filter>
    </ClInclude>
    <ClInclude Include="wv\wavpack.h">
      <Filter>libs</Filter>
    </ClInclude>
  </ItemGroup>
  <ItemGroup>
    <Library Include="wv\libwavpack.lib">
      <Filter>libs</Filter>
    </Library>
    <Library Include="wv\libwavpack64.lib">
      <Filter>libs</Filter>
    </Library>
  </ItemGroup>
</Project>