
Microsoft Visual Studio Solution File, Format Version 10.00
# Visual Studio 2008
Project("{8BC9CEB8-8B4A-11D0-8D11-00A0C91BC942}") = "TuniacTNG", "TuniacTNG\TuniacTNG.vcproj", "{7AB30C2D-AC5F-46AA-BE46-F82252B02AFE}"
	ProjectSection(ProjectDependencies) = postProject
		{4AF1170E-96FD-4878-90F6-C883FCA8F62B} = {4AF1170E-96FD-4878-90F6-C883FCA8F62B}
		{46EF772B-C115-4B6A-99F3-D7D3F7DEDF62} = {46EF772B-C115-4B6A-99F3-D7D3F7DEDF62}
	EndProjectSection
EndProject
Project("{8BC9CEB8-8B4A-11D0-8D11-00A0C91BC942}") = "SQLite", "SQLite\SQLite.vcproj", "{4AF1170E-96FD-4878-90F6-C883FCA8F62B}"
EndProject
Project("{8BC9CEB8-8B4A-11D0-8D11-00A0C91BC942}") = "SQLite3X", "SQLite3X\SQLite3X.vcproj", "{41B34B9E-1BA7-4906-B4AD-CB9EC3CF0B33}"
EndProject
Project("{8BC9CEB8-8B4A-11D0-8D11-00A0C91BC942}") = "InfoManager", "InfoManager\InfoManager.vcproj", "{46EF772B-C115-4B6A-99F3-D7D3F7DEDF62}"
EndProject
Project("{8BC9CEB8-8B4A-11D0-8D11-00A0C91BC942}") = "Globals", "Globals\Globals.vcproj", "{F27733DE-1B63-4524-90FB-D2B45168C35B}"
EndProject
Global
	GlobalSection(SolutionConfigurationPlatforms) = preSolution
		Debug|Win32 = Debug|Win32
		Release|Win32 = Release|Win32
	EndGlobalSection
	GlobalSection(ProjectConfigurationPlatforms) = postSolution
		{7AB30C2D-AC5F-46AA-BE46-F82252B02AFE}.Debug|Win32.ActiveCfg = Debug|Win32
		{7AB30C2D-AC5F-46AA-BE46-F82252B02AFE}.Debug|Win32.Build.0 = Debug|Win32
		{7AB30C2D-AC5F-46AA-BE46-F82252B02AFE}.Release|Win32.ActiveCfg = Release|Win32
		{7AB30C2D-AC5F-46AA-BE46-F82252B02AFE}.Release|Win32.Build.0 = Release|Win32
		{4AF1170E-96FD-4878-90F6-C883FCA8F62B}.Debug|Win32.ActiveCfg = Debug|Win32
		{4AF1170E-96FD-4878-90F6-C883FCA8F62B}.Debug|Win32.Build.0 = Debug|Win32
		{4AF1170E-96FD-4878-90F6-C883FCA8F62B}.Release|Win32.ActiveCfg = Release|Win32
		{4AF1170E-96FD-4878-90F6-C883FCA8F62B}.Release|Win32.Build.0 = Release|Win32
		{41B34B9E-1BA7-4906-B4AD-CB9EC3CF0B33}.Debug|Win32.ActiveCfg = Debug|Win32
		{41B34B9E-1BA7-4906-B4AD-CB9EC3CF0B33}.Debug|Win32.Build.0 = Debug|Win32
		{41B34B9E-1BA7-4906-B4AD-CB9EC3CF0B33}.Release|Win32.ActiveCfg = Release|Win32
		{41B34B9E-1BA7-4906-B4AD-CB9EC3CF0B33}.Release|Win32.Build.0 = Release|Win32
		{46EF772B-C115-4B6A-99F3-D7D3F7DEDF62}.Debug|Win32.ActiveCfg = Debug|Win32
		{46EF772B-C115-4B6A-99F3-D7D3F7DEDF62}.Debug|Win32.Build.0 = Debug|Win32
		{46EF772B-C115-4B6A-99F3-D7D3F7DEDF62}.Release|Win32.ActiveCfg = Release|Win32
		{46EF772B-C115-4B6A-99F3-D7D3F7DEDF62}.Release|Win32.Build.0 = Release|Win32
		{F27733DE-1B63-4524-90FB-D2B45168C35B}.Debug|Win32.ActiveCfg = Debug|Win32
		{F27733DE-1B63-4524-90FB-D2B45168C35B}.Debug|Win32.Build.0 = Debug|Win32
		{F27733DE-1B63-4524-90FB-D2B45168C35B}.Release|Win32.ActiveCfg = Release|Win32
		{F27733DE-1B63-4524-90FB-D2B45168C35B}.Release|Win32.Build.0 = Release|Win32
	EndGlobalSection
	GlobalSection(SolutionProperties) = preSolution
		HideSolutionNode = FALSE
	EndGlobalSection
EndGlobal
