Microsoft Visual Studio Solution File, Format Version 10.00
# Visual Studio 2008
Project("{8BC9CEB8-8B4A-11D0-8D11-00A0C91BC942}") = "TuniacApp", "TuniacApp\TuniacApp.vcproj", "{97CC9F89-20A5-454D-A824-030021ADFD15}"
EndProject
Project("{8BC9CEB8-8B4A-11D0-8D11-00A0C91BC942}") = "ape_Plugin", "ape_Plugin\ape_Plugin.vcproj", "{D77CC4A5-6510-4CC2-8087-4B505E201324}"
EndProject
Project("{8BC9CEB8-8B4A-11D0-8D11-00A0C91BC942}") = "m3u_Plugin", "m3u_Plugin\m3u_Plugin.vcproj", "{63870483-72AA-4286-829C-ACDD048B00F8}"
EndProject
Project("{8BC9CEB8-8B4A-11D0-8D11-00A0C91BC942}") = "m4a_Plugin", "m4a_Plugin\m4a_Plugin.vcproj", "{5843FC51-E3EA-4C63-B954-DD6ED69E4DDC}"
EndProject
Project("{8BC9CEB8-8B4A-11D0-8D11-00A0C91BC942}") = "mp3_InfoManager", "mp3_InfoManager\mp3_InfoManager.vcproj", "{066BEBD5-CF57-4BA8-AC73-398C2FB638E9}"
EndProject
Project("{8BC9CEB8-8B4A-11D0-8D11-00A0C91BC942}") = "mp3streamer_Plugin", "mp3streamer_Plugin\mp3streamer_Plugin.vcproj", "{62528D67-C778-4582-8C41-7A99E2C3527D}"
EndProject
Project("{8BC9CEB8-8B4A-11D0-8D11-00A0C91BC942}") = "MSNInfo", "MSNInfo\MSNInfo.vcproj", "{E2E626FD-694B-40D0-B088-D84615FA7B70}"
EndProject
Project("{8BC9CEB8-8B4A-11D0-8D11-00A0C91BC942}") = "NowPlayingTxt", "NowPlayingTxt\NowPlayingTxt.vcproj", "{F5B70CFE-5F0D-4C02-8725-142E860D53F6}"
EndProject
Project("{8BC9CEB8-8B4A-11D0-8D11-00A0C91BC942}") = "ogg_Plugin", "ogg_Plugin\ogg_Plugin.vcproj", "{1FCCD4B9-FF04-4CDD-96A5-E2490CCF6365}"
EndProject
Project("{8BC9CEB8-8B4A-11D0-8D11-00A0C91BC942}") = "pls_Plugin", "pls_Plugin\pls_Plugin.vcproj", "{73541A64-9540-425D-B97F-6011486D1DB9}"
EndProject
Project("{8BC9CEB8-8B4A-11D0-8D11-00A0C91BC942}") = "PopupNotify", "PopupNotify\PopupNotify.vcproj", "{466FE8B7-1602-48EA-92CF-935704656315}"
EndProject
Project("{8BC9CEB8-8B4A-11D0-8D11-00A0C91BC942}") = "mp3_Plugin", "mp3_Plugin\mp3_Plugin.vcproj", "{10E62D73-EDAD-4612-B4E9-9589E054F67C}"
EndProject
Project("{8BC9CEB8-8B4A-11D0-8D11-00A0C91BC942}") = "CDDAReader", "CDDAReader\CDDAReader.vcproj", "{66602221-E22B-474E-BF6B-0EA4856342DF}"
EndProject
Project("{8BC9CEB8-8B4A-11D0-8D11-00A0C91BC942}") = "SVPVisualPlugin", "SVPVisualPlugin\SVPVisualPlugin.vcproj", "{EFA8E165-C0CD-49D5-B858-8FEB86A9AEF5}"
EndProject
Project("{8BC9CEB8-8B4A-11D0-8D11-00A0C91BC942}") = "std_InfoManager", "std_InfoManager\std_InfoManager.vcproj", "{D1FD9348-BB12-4357-AD7E-17089D89C5E6}"
EndProject
Global
	GlobalSection(SolutionConfigurationPlatforms) = preSolution
		Debug|Win32 = Debug|Win32
		Debug|x64 = Debug|x64
		Release NonSSE|Win32 = Release NonSSE|Win32
		Release NonSSE|x64 = Release NonSSE|x64
		Release SSE1|Win32 = Release SSE1|Win32
		Release SSE1|x64 = Release SSE1|x64
		Release SSE2|Win32 = Release SSE2|Win32
		Release SSE2|x64 = Release SSE2|x64
	EndGlobalSection
	GlobalSection(ProjectConfigurationPlatforms) = postSolution
		{97CC9F89-20A5-454D-A824-030021ADFD15}.Debug|Win32.ActiveCfg = Debug|Win32
		{97CC9F89-20A5-454D-A824-030021ADFD15}.Debug|Win32.Build.0 = Debug|Win32
		{97CC9F89-20A5-454D-A824-030021ADFD15}.Debug|x64.ActiveCfg = Debug|x64
		{97CC9F89-20A5-454D-A824-030021ADFD15}.Debug|x64.Build.0 = Debug|x64
		{97CC9F89-20A5-454D-A824-030021ADFD15}.Release NonSSE|Win32.ActiveCfg = Release NonSSE|Win32
		{97CC9F89-20A5-454D-A824-030021ADFD15}.Release NonSSE|Win32.Build.0 = Release NonSSE|Win32
		{97CC9F89-20A5-454D-A824-030021ADFD15}.Release NonSSE|x64.ActiveCfg = Release NonSSE|Win32
		{97CC9F89-20A5-454D-A824-030021ADFD15}.Release SSE1|Win32.ActiveCfg = Release SSE1|Win32
		{97CC9F89-20A5-454D-A824-030021ADFD15}.Release SSE1|Win32.Build.0 = Release SSE1|Win32
		{97CC9F89-20A5-454D-A824-030021ADFD15}.Release SSE1|x64.ActiveCfg = Release SSE1|Win32
		{97CC9F89-20A5-454D-A824-030021ADFD15}.Release SSE2|Win32.ActiveCfg = Release SSE2|Win32
		{97CC9F89-20A5-454D-A824-030021ADFD15}.Release SSE2|Win32.Build.0 = Release SSE2|Win32
		{97CC9F89-20A5-454D-A824-030021ADFD15}.Release SSE2|x64.ActiveCfg = Release SSE2|Win32
		{D77CC4A5-6510-4CC2-8087-4B505E201324}.Debug|Win32.ActiveCfg = Debug|Win32
		{D77CC4A5-6510-4CC2-8087-4B505E201324}.Debug|Win32.Build.0 = Debug|Win32
		{D77CC4A5-6510-4CC2-8087-4B505E201324}.Debug|x64.ActiveCfg = Debug|x64
		{D77CC4A5-6510-4CC2-8087-4B505E201324}.Debug|x64.Build.0 = Debug|x64
		{D77CC4A5-6510-4CC2-8087-4B505E201324}.Release NonSSE|Win32.ActiveCfg = Release NonSSE|Win32
		{D77CC4A5-6510-4CC2-8087-4B505E201324}.Release NonSSE|Win32.Build.0 = Release NonSSE|Win32
		{D77CC4A5-6510-4CC2-8087-4B505E201324}.Release NonSSE|x64.ActiveCfg = Release NonSSE|Win32
		{D77CC4A5-6510-4CC2-8087-4B505E201324}.Release SSE1|Win32.ActiveCfg = Release SSE1|Win32
		{D77CC4A5-6510-4CC2-8087-4B505E201324}.Release SSE1|Win32.Build.0 = Release SSE1|Win32
		{D77CC4A5-6510-4CC2-8087-4B505E201324}.Release SSE1|x64.ActiveCfg = Release SSE1|Win32
		{D77CC4A5-6510-4CC2-8087-4B505E201324}.Release SSE2|Win32.ActiveCfg = Release SSE2|Win32
		{D77CC4A5-6510-4CC2-8087-4B505E201324}.Release SSE2|Win32.Build.0 = Release SSE2|Win32
		{D77CC4A5-6510-4CC2-8087-4B505E201324}.Release SSE2|x64.ActiveCfg = Release SSE2|Win32
		{63870483-72AA-4286-829C-ACDD048B00F8}.Debug|Win32.ActiveCfg = Debug|Win32
		{63870483-72AA-4286-829C-ACDD048B00F8}.Debug|Win32.Build.0 = Debug|Win32
		{63870483-72AA-4286-829C-ACDD048B00F8}.Debug|x64.ActiveCfg = Debug|x64
		{63870483-72AA-4286-829C-ACDD048B00F8}.Debug|x64.Build.0 = Debug|x64
		{63870483-72AA-4286-829C-ACDD048B00F8}.Release NonSSE|Win32.ActiveCfg = Release NonSSE|Win32
		{63870483-72AA-4286-829C-ACDD048B00F8}.Release NonSSE|Win32.Build.0 = Release NonSSE|Win32
		{63870483-72AA-4286-829C-ACDD048B00F8}.Release NonSSE|x64.ActiveCfg = Release NonSSE|Win32
		{63870483-72AA-4286-829C-ACDD048B00F8}.Release SSE1|Win32.ActiveCfg = Release SSE1|Win32
		{63870483-72AA-4286-829C-ACDD048B00F8}.Release SSE1|Win32.Build.0 = Release SSE1|Win32
		{63870483-72AA-4286-829C-ACDD048B00F8}.Release SSE1|x64.ActiveCfg = Release SSE1|Win32
		{63870483-72AA-4286-829C-ACDD048B00F8}.Release SSE2|Win32.ActiveCfg = Release SSE2|Win32
		{63870483-72AA-4286-829C-ACDD048B00F8}.Release SSE2|Win32.Build.0 = Release SSE2|Win32
		{63870483-72AA-4286-829C-ACDD048B00F8}.Release SSE2|x64.ActiveCfg = Release SSE2|Win32
		{5843FC51-E3EA-4C63-B954-DD6ED69E4DDC}.Debug|Win32.ActiveCfg = Debug|Win32
		{5843FC51-E3EA-4C63-B954-DD6ED69E4DDC}.Debug|Win32.Build.0 = Debug|Win32
		{5843FC51-E3EA-4C63-B954-DD6ED69E4DDC}.Debug|x64.ActiveCfg = Debug|x64
		{5843FC51-E3EA-4C63-B954-DD6ED69E4DDC}.Debug|x64.Build.0 = Debug|x64
		{5843FC51-E3EA-4C63-B954-DD6ED69E4DDC}.Release NonSSE|Win32.ActiveCfg = Release NonSSE|Win32
		{5843FC51-E3EA-4C63-B954-DD6ED69E4DDC}.Release NonSSE|Win32.Build.0 = Release NonSSE|Win32
		{5843FC51-E3EA-4C63-B954-DD6ED69E4DDC}.Release NonSSE|x64.ActiveCfg = Release NonSSE|Win32
		{5843FC51-E3EA-4C63-B954-DD6ED69E4DDC}.Release SSE1|Win32.ActiveCfg = Release SSE1|Win32
		{5843FC51-E3EA-4C63-B954-DD6ED69E4DDC}.Release SSE1|Win32.Build.0 = Release SSE1|Win32
		{5843FC51-E3EA-4C63-B954-DD6ED69E4DDC}.Release SSE1|x64.ActiveCfg = Release SSE1|Win32
		{5843FC51-E3EA-4C63-B954-DD6ED69E4DDC}.Release SSE2|Win32.ActiveCfg = Release SSE2|Win32
		{5843FC51-E3EA-4C63-B954-DD6ED69E4DDC}.Release SSE2|Win32.Build.0 = Release SSE2|Win32
		{5843FC51-E3EA-4C63-B954-DD6ED69E4DDC}.Release SSE2|x64.ActiveCfg = Release SSE2|Win32
		{066BEBD5-CF57-4BA8-AC73-398C2FB638E9}.Debug|Win32.ActiveCfg = Debug|Win32
		{066BEBD5-CF57-4BA8-AC73-398C2FB638E9}.Debug|x64.ActiveCfg = Debug|x64
		{066BEBD5-CF57-4BA8-AC73-398C2FB638E9}.Release NonSSE|Win32.ActiveCfg = Release NonSSE|Win32
		{066BEBD5-CF57-4BA8-AC73-398C2FB638E9}.Release NonSSE|x64.ActiveCfg = Release NonSSE|Win32
		{066BEBD5-CF57-4BA8-AC73-398C2FB638E9}.Release SSE1|Win32.ActiveCfg = Release SSE1|Win32
		{066BEBD5-CF57-4BA8-AC73-398C2FB638E9}.Release SSE1|x64.ActiveCfg = Release SSE1|Win32
		{066BEBD5-CF57-4BA8-AC73-398C2FB638E9}.Release SSE2|Win32.ActiveCfg = Release SSE2|Win32
		{066BEBD5-CF57-4BA8-AC73-398C2FB638E9}.Release SSE2|x64.ActiveCfg = Release SSE2|Win32
		{62528D67-C778-4582-8C41-7A99E2C3527D}.Debug|Win32.ActiveCfg = Debug|Win32
		{62528D67-C778-4582-8C41-7A99E2C3527D}.Debug|Win32.Build.0 = Debug|Win32
		{62528D67-C778-4582-8C41-7A99E2C3527D}.Debug|x64.ActiveCfg = Debug|x64
		{62528D67-C778-4582-8C41-7A99E2C3527D}.Debug|x64.Build.0 = Debug|x64
		{62528D67-C778-4582-8C41-7A99E2C3527D}.Release NonSSE|Win32.ActiveCfg = Release NonSSE|Win32
		{62528D67-C778-4582-8C41-7A99E2C3527D}.Release NonSSE|Win32.Build.0 = Release NonSSE|Win32
		{62528D67-C778-4582-8C41-7A99E2C3527D}.Release NonSSE|x64.ActiveCfg = Release NonSSE|Win32
		{62528D67-C778-4582-8C41-7A99E2C3527D}.Release SSE1|Win32.ActiveCfg = Release SSE1|Win32
		{62528D67-C778-4582-8C41-7A99E2C3527D}.Release SSE1|Win32.Build.0 = Release SSE1|Win32
		{62528D67-C778-4582-8C41-7A99E2C3527D}.Release SSE1|x64.ActiveCfg = Release SSE1|Win32
		{62528D67-C778-4582-8C41-7A99E2C3527D}.Release SSE2|Win32.ActiveCfg = Release SSE2|Win32
		{62528D67-C778-4582-8C41-7A99E2C3527D}.Release SSE2|Win32.Build.0 = Release SSE2|Win32
		{62528D67-C778-4582-8C41-7A99E2C3527D}.Release SSE2|x64.ActiveCfg = Release SSE2|Win32
		{E2E626FD-694B-40D0-B088-D84615FA7B70}.Debug|Win32.ActiveCfg = Debug|Win32
		{E2E626FD-694B-40D0-B088-D84615FA7B70}.Debug|Win32.Build.0 = Debug|Win32
		{E2E626FD-694B-40D0-B088-D84615FA7B70}.Debug|x64.ActiveCfg = Debug|x64
		{E2E626FD-694B-40D0-B088-D84615FA7B70}.Debug|x64.Build.0 = Debug|x64
		{E2E626FD-694B-40D0-B088-D84615FA7B70}.Release NonSSE|Win32.ActiveCfg = Release NonSSE|Win32
		{E2E626FD-694B-40D0-B088-D84615FA7B70}.Release NonSSE|Win32.Build.0 = Release NonSSE|Win32
		{E2E626FD-694B-40D0-B088-D84615FA7B70}.Release NonSSE|x64.ActiveCfg = Release NonSSE|Win32
		{E2E626FD-694B-40D0-B088-D84615FA7B70}.Release SSE1|Win32.ActiveCfg = Release SSE1|Win32
		{E2E626FD-694B-40D0-B088-D84615FA7B70}.Release SSE1|Win32.Build.0 = Release SSE1|Win32
		{E2E626FD-694B-40D0-B088-D84615FA7B70}.Release SSE1|x64.ActiveCfg = Release SSE1|Win32
		{E2E626FD-694B-40D0-B088-D84615FA7B70}.Release SSE2|Win32.ActiveCfg = Release SSE2|Win32
		{E2E626FD-694B-40D0-B088-D84615FA7B70}.Release SSE2|Win32.Build.0 = Release SSE2|Win32
		{E2E626FD-694B-40D0-B088-D84615FA7B70}.Release SSE2|x64.ActiveCfg = Release SSE2|Win32
		{F5B70CFE-5F0D-4C02-8725-142E860D53F6}.Debug|Win32.ActiveCfg = Debug|Win32
		{F5B70CFE-5F0D-4C02-8725-142E860D53F6}.Debug|Win32.Build.0 = Debug|Win32
		{F5B70CFE-5F0D-4C02-8725-142E860D53F6}.Debug|x64.ActiveCfg = Debug|x64
		{F5B70CFE-5F0D-4C02-8725-142E860D53F6}.Debug|x64.Build.0 = Debug|x64
		{F5B70CFE-5F0D-4C02-8725-142E860D53F6}.Release NonSSE|Win32.ActiveCfg = Release NonSSE|Win32
		{F5B70CFE-5F0D-4C02-8725-142E860D53F6}.Release NonSSE|Win32.Build.0 = Release NonSSE|Win32
		{F5B70CFE-5F0D-4C02-8725-142E860D53F6}.Release NonSSE|x64.ActiveCfg = Release NonSSE|Win32
		{F5B70CFE-5F0D-4C02-8725-142E860D53F6}.Release SSE1|Win32.ActiveCfg = Release SSE1|Win32
		{F5B70CFE-5F0D-4C02-8725-142E860D53F6}.Release SSE1|Win32.Build.0 = Release SSE1|Win32
		{F5B70CFE-5F0D-4C02-8725-142E860D53F6}.Release SSE1|x64.ActiveCfg = Release SSE1|Win32
		{F5B70CFE-5F0D-4C02-8725-142E860D53F6}.Release SSE2|Win32.ActiveCfg = Release SSE2|Win32
		{F5B70CFE-5F0D-4C02-8725-142E860D53F6}.Release SSE2|Win32.Build.0 = Release SSE2|Win32
		{F5B70CFE-5F0D-4C02-8725-142E860D53F6}.Release SSE2|x64.ActiveCfg = Release SSE2|Win32
		{1FCCD4B9-FF04-4CDD-96A5-E2490CCF6365}.Debug|Win32.ActiveCfg = Debug|Win32
		{1FCCD4B9-FF04-4CDD-96A5-E2490CCF6365}.Debug|Win32.Build.0 = Debug|Win32
		{1FCCD4B9-FF04-4CDD-96A5-E2490CCF6365}.Debug|x64.ActiveCfg = Debug|x64
		{1FCCD4B9-FF04-4CDD-96A5-E2490CCF6365}.Debug|x64.Build.0 = Debug|x64
		{1FCCD4B9-FF04-4CDD-96A5-E2490CCF6365}.Release NonSSE|Win32.ActiveCfg = Release NonSSE|Win32
		{1FCCD4B9-FF04-4CDD-96A5-E2490CCF6365}.Release NonSSE|Win32.Build.0 = Release NonSSE|Win32
		{1FCCD4B9-FF04-4CDD-96A5-E2490CCF6365}.Release NonSSE|x64.ActiveCfg = Release NonSSE|Win32
		{1FCCD4B9-FF04-4CDD-96A5-E2490CCF6365}.Release SSE1|Win32.ActiveCfg = Release SSE1|Win32
		{1FCCD4B9-FF04-4CDD-96A5-E2490CCF6365}.Release SSE1|Win32.Build.0 = Release SSE1|Win32
		{1FCCD4B9-FF04-4CDD-96A5-E2490CCF6365}.Release SSE1|x64.ActiveCfg = Release SSE1|Win32
		{1FCCD4B9-FF04-4CDD-96A5-E2490CCF6365}.Release SSE2|Win32.ActiveCfg = Release SSE2|Win32
		{1FCCD4B9-FF04-4CDD-96A5-E2490CCF6365}.Release SSE2|Win32.Build.0 = Release SSE2|Win32
		{1FCCD4B9-FF04-4CDD-96A5-E2490CCF6365}.Release SSE2|x64.ActiveCfg = Release SSE2|Win32
		{73541A64-9540-425D-B97F-6011486D1DB9}.Debug|Win32.ActiveCfg = Debug|Win32
		{73541A64-9540-425D-B97F-6011486D1DB9}.Debug|Win32.Build.0 = Debug|Win32
		{73541A64-9540-425D-B97F-6011486D1DB9}.Debug|x64.ActiveCfg = Debug|x64
		{73541A64-9540-425D-B97F-6011486D1DB9}.Debug|x64.Build.0 = Debug|x64
		{73541A64-9540-425D-B97F-6011486D1DB9}.Release NonSSE|Win32.ActiveCfg = Release NonSSE|Win32
		{73541A64-9540-425D-B97F-6011486D1DB9}.Release NonSSE|Win32.Build.0 = Release NonSSE|Win32
		{73541A64-9540-425D-B97F-6011486D1DB9}.Release NonSSE|x64.ActiveCfg = Release NonSSE|Win32
		{73541A64-9540-425D-B97F-6011486D1DB9}.Release SSE1|Win32.ActiveCfg = Release SSE1|Win32
		{73541A64-9540-425D-B97F-6011486D1DB9}.Release SSE1|Win32.Build.0 = Release SSE1|Win32
		{73541A64-9540-425D-B97F-6011486D1DB9}.Release SSE1|x64.ActiveCfg = Release SSE1|Win32
		{73541A64-9540-425D-B97F-6011486D1DB9}.Release SSE2|Win32.ActiveCfg = Release SSE2|Win32
		{73541A64-9540-425D-B97F-6011486D1DB9}.Release SSE2|Win32.Build.0 = Release SSE2|Win32
		{73541A64-9540-425D-B97F-6011486D1DB9}.Release SSE2|x64.ActiveCfg = Release SSE2|Win32
		{466FE8B7-1602-48EA-92CF-935704656315}.Debug|Win32.ActiveCfg = Debug|Win32
		{466FE8B7-1602-48EA-92CF-935704656315}.Debug|Win32.Build.0 = Debug|Win32
		{466FE8B7-1602-48EA-92CF-935704656315}.Debug|x64.ActiveCfg = Debug|x64
		{466FE8B7-1602-48EA-92CF-935704656315}.Debug|x64.Build.0 = Debug|x64
		{466FE8B7-1602-48EA-92CF-935704656315}.Release NonSSE|Win32.ActiveCfg = Release NonSSE|Win32
		{466FE8B7-1602-48EA-92CF-935704656315}.Release NonSSE|Win32.Build.0 = Release NonSSE|Win32
		{466FE8B7-1602-48EA-92CF-935704656315}.Release NonSSE|x64.ActiveCfg = Release NonSSE|Win32
		{466FE8B7-1602-48EA-92CF-935704656315}.Release SSE1|Win32.ActiveCfg = Release SSE1|Win32
		{466FE8B7-1602-48EA-92CF-935704656315}.Release SSE1|Win32.Build.0 = Release SSE1|Win32
		{466FE8B7-1602-48EA-92CF-935704656315}.Release SSE1|x64.ActiveCfg = Release SSE1|Win32
		{466FE8B7-1602-48EA-92CF-935704656315}.Release SSE2|Win32.ActiveCfg = Release SSE2|Win32
		{466FE8B7-1602-48EA-92CF-935704656315}.Release SSE2|Win32.Build.0 = Release SSE2|Win32
		{466FE8B7-1602-48EA-92CF-935704656315}.Release SSE2|x64.ActiveCfg = Release SSE2|Win32
		{10E62D73-EDAD-4612-B4E9-9589E054F67C}.Debug|Win32.ActiveCfg = Debug|Win32
		{10E62D73-EDAD-4612-B4E9-9589E054F67C}.Debug|Win32.Build.0 = Debug|Win32
		{10E62D73-EDAD-4612-B4E9-9589E054F67C}.Debug|x64.ActiveCfg = Debug|x64
		{10E62D73-EDAD-4612-B4E9-9589E054F67C}.Debug|x64.Build.0 = Debug|x64
		{10E62D73-EDAD-4612-B4E9-9589E054F67C}.Release NonSSE|Win32.ActiveCfg = Release NonSSE|Win32
		{10E62D73-EDAD-4612-B4E9-9589E054F67C}.Release NonSSE|Win32.Build.0 = Release NonSSE|Win32
		{10E62D73-EDAD-4612-B4E9-9589E054F67C}.Release NonSSE|x64.ActiveCfg = Release NonSSE|Win32
		{10E62D73-EDAD-4612-B4E9-9589E054F67C}.Release SSE1|Win32.ActiveCfg = Release SSE1|Win32
		{10E62D73-EDAD-4612-B4E9-9589E054F67C}.Release SSE1|Win32.Build.0 = Release SSE1|Win32
		{10E62D73-EDAD-4612-B4E9-9589E054F67C}.Release SSE1|x64.ActiveCfg = Release SSE1|Win32
		{10E62D73-EDAD-4612-B4E9-9589E054F67C}.Release SSE2|Win32.ActiveCfg = Release SSE2|Win32
		{10E62D73-EDAD-4612-B4E9-9589E054F67C}.Release SSE2|Win32.Build.0 = Release SSE2|Win32
		{10E62D73-EDAD-4612-B4E9-9589E054F67C}.Release SSE2|x64.ActiveCfg = Release SSE2|Win32
		{66602221-E22B-474E-BF6B-0EA4856342DF}.Debug|Win32.ActiveCfg = Debug|Win32
		{66602221-E22B-474E-BF6B-0EA4856342DF}.Debug|Win32.Build.0 = Debug|Win32
		{66602221-E22B-474E-BF6B-0EA4856342DF}.Debug|x64.ActiveCfg = Debug|x64
		{66602221-E22B-474E-BF6B-0EA4856342DF}.Debug|x64.Build.0 = Debug|x64
		{66602221-E22B-474E-BF6B-0EA4856342DF}.Release NonSSE|Win32.ActiveCfg = Release NonSSE|Win32
		{66602221-E22B-474E-BF6B-0EA4856342DF}.Release NonSSE|Win32.Build.0 = Release NonSSE|Win32
		{66602221-E22B-474E-BF6B-0EA4856342DF}.Release NonSSE|x64.ActiveCfg = Release NonSSE|Win32
		{66602221-E22B-474E-BF6B-0EA4856342DF}.Release SSE1|Win32.ActiveCfg = Release SSE1|Win32
		{66602221-E22B-474E-BF6B-0EA4856342DF}.Release SSE1|Win32.Build.0 = Release SSE1|Win32
		{66602221-E22B-474E-BF6B-0EA4856342DF}.Release SSE1|x64.ActiveCfg = Release SSE1|Win32
		{66602221-E22B-474E-BF6B-0EA4856342DF}.Release SSE2|Win32.ActiveCfg = Release SSE2|Win32
		{66602221-E22B-474E-BF6B-0EA4856342DF}.Release SSE2|Win32.Build.0 = Release SSE2|Win32
		{66602221-E22B-474E-BF6B-0EA4856342DF}.Release SSE2|x64.ActiveCfg = Release SSE2|Win32
		{EFA8E165-C0CD-49D5-B858-8FEB86A9AEF5}.Debug|Win32.ActiveCfg = Debug|Win32
		{EFA8E165-C0CD-49D5-B858-8FEB86A9AEF5}.Debug|Win32.Build.0 = Debug|Win32
		{EFA8E165-C0CD-49D5-B858-8FEB86A9AEF5}.Debug|x64.ActiveCfg = Debug|x64
		{EFA8E165-C0CD-49D5-B858-8FEB86A9AEF5}.Release NonSSE|Win32.ActiveCfg = Release NonSSE|Win32
		{EFA8E165-C0CD-49D5-B858-8FEB86A9AEF5}.Release NonSSE|Win32.Build.0 = Release NonSSE|Win32
		{EFA8E165-C0CD-49D5-B858-8FEB86A9AEF5}.Release NonSSE|x64.ActiveCfg = Release NonSSE|Win32
		{EFA8E165-C0CD-49D5-B858-8FEB86A9AEF5}.Release SSE1|Win32.ActiveCfg = Release SSE1|Win32
		{EFA8E165-C0CD-49D5-B858-8FEB86A9AEF5}.Release SSE1|Win32.Build.0 = Release SSE1|Win32
		{EFA8E165-C0CD-49D5-B858-8FEB86A9AEF5}.Release SSE1|x64.ActiveCfg = Release SSE1|Win32
		{EFA8E165-C0CD-49D5-B858-8FEB86A9AEF5}.Release SSE2|Win32.ActiveCfg = Release SSE2|Win32
		{EFA8E165-C0CD-49D5-B858-8FEB86A9AEF5}.Release SSE2|Win32.Build.0 = Release SSE2|Win32
		{EFA8E165-C0CD-49D5-B858-8FEB86A9AEF5}.Release SSE2|x64.ActiveCfg = Release SSE2|Win32
		{D1FD9348-BB12-4357-AD7E-17089D89C5E6}.Debug|Win32.ActiveCfg = Debug|Win32
		{D1FD9348-BB12-4357-AD7E-17089D89C5E6}.Debug|Win32.Build.0 = Debug|Win32
		{D1FD9348-BB12-4357-AD7E-17089D89C5E6}.Debug|x64.ActiveCfg = Debug|x64
		{D1FD9348-BB12-4357-AD7E-17089D89C5E6}.Debug|x64.Build.0 = Debug|x64
		{D1FD9348-BB12-4357-AD7E-17089D89C5E6}.Release NonSSE|Win32.ActiveCfg = Release NonSSE|Win32
		{D1FD9348-BB12-4357-AD7E-17089D89C5E6}.Release NonSSE|Win32.Build.0 = Release NonSSE|Win32
		{D1FD9348-BB12-4357-AD7E-17089D89C5E6}.Release NonSSE|x64.ActiveCfg = Release NonSSE|Win32
		{D1FD9348-BB12-4357-AD7E-17089D89C5E6}.Release SSE1|Win32.ActiveCfg = Release SSE1|Win32
		{D1FD9348-BB12-4357-AD7E-17089D89C5E6}.Release SSE1|Win32.Build.0 = Release SSE1|Win32
		{D1FD9348-BB12-4357-AD7E-17089D89C5E6}.Release SSE1|x64.ActiveCfg = Release SSE1|Win32
		{D1FD9348-BB12-4357-AD7E-17089D89C5E6}.Release SSE2|Win32.ActiveCfg = Release SSE2|Win32
		{D1FD9348-BB12-4357-AD7E-17089D89C5E6}.Release SSE2|Win32.Build.0 = Release SSE2|Win32
		{D1FD9348-BB12-4357-AD7E-17089D89C5E6}.Release SSE2|x64.ActiveCfg = Release SSE2|Win32
	EndGlobalSection
	GlobalSection(SolutionProperties) = preSolution
		HideSolutionNode = FALSE
	EndGlobalSection
EndGlobal
